
Microsoft Visual Studio Solution File, Format Version 12.00
# Visual Studio Version 17
VisualStudioVersion = 17.5.33502.453
MinimumVisualStudioVersion = 10.0.40219.1
Project("{FAE04EC0-301F-11D3-BF4B-00C04F79EFBC}") = "FirstProject", "FirstProject\FirstProject.csproj", "{FBE79B3C-1801-46ED-8AF4-869EC1C74DDD}"
EndProject
Global
	GlobalSection(SolutionConfigurationPlatforms) = preSolution
		Debug|Any CPU = Debug|Any CPU
		Release|Any CPU = Release|Any CPU
	EndGlobalSection
	GlobalSection(ProjectConfigurationPlatforms) = postSolution
		{FBE79B3C-1801-46ED-8AF4-869EC1C74DDD}.Debug|Any CPU.ActiveCfg = Debug|Any CPU
		{FBE79B3C-1801-46ED-8AF4-869EC1C74DDD}.Debug|Any CPU.Build.0 = Debug|Any CPU
		{FBE79B3C-1801-46ED-8AF4-869EC1C74DDD}.Release|Any CPU.ActiveCfg = Release|Any CPU
		{FBE79B3C-1801-46ED-8AF4-869EC1C74DDD}.Release|Any CPU.Build.0 = Release|Any CPU
	EndGlobalSection
	GlobalSection(SolutionProperties) = preSolution
		HideSolutionNode = FALSE
	EndGlobalSection
	GlobalSection(ExtensibilityGlobals) = postSolution
		SolutionGuid = {8248426B-A9CB-4ACD-85E9-54457ABF34CA}
	EndGlobalSection
EndGlobal
